
Microsoft Visual Studio Solution File, Format Version 12.00
Project("{FAE04EC0-301F-11D3-BF4B-00C04F79EFBC}") = "AIPhishing.Web", "AIPhishing.Web\AIPhishing.Web.csproj", "{2DE32AF6-4D63-4D00-A573-88F1742F472B}"
EndProject
Project("{FAE04EC0-301F-11D3-BF4B-00C04F79EFBC}") = "AIPhishing.Database", "AIPhishing.Database\AIPhishing.Database.csproj", "{47757934-AB75-4501-9AE3-5DD32784366C}"
EndProject
Project("{FAE04EC0-301F-11D3-BF4B-00C04F79EFBC}") = "AIPhishing.Business", "AIPhishing.Business\AIPhishing.Business.csproj", "{4A61E238-13A5-4280-B932-9EAC900EFDAE}"
EndProject
Project("{FAE04EC0-301F-11D3-BF4B-00C04F79EFBC}") = "AIPhishing.Common", "AIPhishing.Common\AIPhishing.Common.csproj", "{B8B807B6-25A3-44BB-8C0E-3E111B536396}"
EndProject
Global
	GlobalSection(SolutionConfigurationPlatforms) = preSolution
		Debug|Any CPU = Debug|Any CPU
		Release|Any CPU = Release|Any CPU
	EndGlobalSection
	GlobalSection(ProjectConfigurationPlatforms) = postSolution
		{2DE32AF6-4D63-4D00-A573-88F1742F472B}.Debug|Any CPU.ActiveCfg = Debug|Any CPU
		{2DE32AF6-4D63-4D00-A573-88F1742F472B}.Debug|Any CPU.Build.0 = Debug|Any CPU
		{2DE32AF6-4D63-4D00-A573-88F1742F472B}.Release|Any CPU.ActiveCfg = Release|Any CPU
		{2DE32AF6-4D63-4D00-A573-88F1742F472B}.Release|Any CPU.Build.0 = Release|Any CPU
		{47757934-AB75-4501-9AE3-5DD32784366C}.Debug|Any CPU.ActiveCfg = Debug|Any CPU
		{47757934-AB75-4501-9AE3-5DD32784366C}.Debug|Any CPU.Build.0 = Debug|Any CPU
		{47757934-AB75-4501-9AE3-5DD32784366C}.Release|Any CPU.ActiveCfg = Release|Any CPU
		{47757934-AB75-4501-9AE3-5DD32784366C}.Release|Any CPU.Build.0 = Release|Any CPU
		{4A61E238-13A5-4280-B932-9EAC900EFDAE}.Debug|Any CPU.ActiveCfg = Debug|Any CPU
		{4A61E238-13A5-4280-B932-9EAC900EFDAE}.Debug|Any CPU.Build.0 = Debug|Any CPU
		{4A61E238-13A5-4280-B932-9EAC900EFDAE}.Release|Any CPU.ActiveCfg = Release|Any CPU
		{4A61E238-13A5-4280-B932-9EAC900EFDAE}.Release|Any CPU.Build.0 = Release|Any CPU
		{B8B807B6-25A3-44BB-8C0E-3E111B536396}.Debug|Any CPU.ActiveCfg = Debug|Any CPU
		{B8B807B6-25A3-44BB-8C0E-3E111B536396}.Debug|Any CPU.Build.0 = Debug|Any CPU
		{B8B807B6-25A3-44BB-8C0E-3E111B536396}.Release|Any CPU.ActiveCfg = Release|Any CPU
		{B8B807B6-25A3-44BB-8C0E-3E111B536396}.Release|Any CPU.Build.0 = Release|Any CPU
	EndGlobalSection
EndGlobal
